
Microsoft Visual Studio Solution File, Format Version 12.00
# Visual Studio Version 17
VisualStudioVersion = 17.2.32630.192
MinimumVisualStudioVersion = 10.0.40219.1
Project("{888888A0-9F3D-457C-B088-3A5042F75D52}") = "GenericScratch", "GenericScratch\GenericScratch.pyproj", "{D74C366B-407C-4CCB-8937-CA7BBE4B5611}"
EndProject
Global
	GlobalSection(SolutionConfigurationPlatforms) = preSolution
		Debug|Any CPU = Debug|Any CPU
		Release|Any CPU = Release|Any CPU
	EndGlobalSection
	GlobalSection(ProjectConfigurationPlatforms) = postSolution
		{D74C366B-407C-4CCB-8937-CA7BBE4B5611}.Debug|Any CPU.ActiveCfg = Debug|Any CPU
		{D74C366B-407C-4CCB-8937-CA7BBE4B5611}.Release|Any CPU.ActiveCfg = Release|Any CPU
	EndGlobalSection
	GlobalSection(SolutionProperties) = preSolution
		HideSolutionNode = FALSE
	EndGlobalSection
	GlobalSection(ExtensibilityGlobals) = postSolution
		SolutionGuid = {53F96ABB-DB0B-4595-BFA3-DECB24C42D4B}
	EndGlobalSection
EndGlobal
